<?xml version="1.0" encoding="utf-8"?>
<Project ToolsVersion="4.0" xmlns="http://schemas.microsoft.com/developer/msbuild/2003">
  <ItemGroup>
    <Filter Include="Source Files">
      <UniqueIdentifier>{4FC737F1-C7A5-4376-A066-2A32D752A2FF}</UniqueIdentifier>
      <Extensions>cpp;c;cc;cxx;def;odl;idl;hpj;bat;asm;asmx</Extensions>
    </Filter>
    <Filter Include="Header Files">
      <UniqueIdentifier>{93995380-89BD-4b04-88EB-625FBE52EBFB}</UniqueIdentifier>
      <Extensions>h;hpp;hxx;hm;inl;inc;xsd</Extensions>
    </Filter>
    <Filter Include="PlayerInfo">
      <UniqueIdentifier>{ee63a848-364d-4119-9628-05cc3d6a4b17}</UniqueIdentifier>
    </Filter>
    <Filter Include="SkyBox">
      <UniqueIdentifier>{37a125cd-b9e3-4b31-923e-1226145f54a1}</UniqueIdentifier>
    </Filter>
    <Filter Include="Camera">
      <UniqueIdentifier>{fdcf28ea-3356-41fe-a61f-39d08fab70e2}</UniqueIdentifier>
    </Filter>
    <Filter Include="Manager">
      <UniqueIdentifier>{2bc9355a-6bb6-4b16-b20c-45a8ee041c9b}</UniqueIdentifier>
    </Filter>
    <Filter Include="Scene">
      <UniqueIdentifier>{a6518177-e2cc-4197-80fd-4a938131e205}</UniqueIdentifier>
    </Filter>
    <Filter Include="Entity">
      <UniqueIdentifier>{b3c412a2-1c3a-4b7f-adaa-956c9c0991b3}</UniqueIdentifier>
    </Filter>
    <Filter Include="Controller">
      <UniqueIdentifier>{09e1ed6f-cea5-42e7-82c2-0bb3fae23b2a}</UniqueIdentifier>
    </Filter>
    <Filter Include="Graphic">
      <UniqueIdentifier>{42ba4856-f45a-4bdc-9950-bde030c1ce20}</UniqueIdentifier>
    </Filter>
    <Filter Include="Sound Engine">
      <UniqueIdentifier>{e634f44d-6d18-402f-aae6-dc86e4e2a969}</UniqueIdentifier>
    </Filter>
    <Filter Include="Text">
      <UniqueIdentifier>{f801d08f-5abd-4a6a-9fb9-1b7ea674fdbc}</UniqueIdentifier>
    </Filter>
    <Filter Include="Enemy">
      <UniqueIdentifier>{162bcec7-5985-4aa5-b199-f39f439c9f9c}</UniqueIdentifier>
    </Filter>
    <Filter Include="Minimap">
      <UniqueIdentifier>{73e36c50-fc44-4b49-abaf-31009a2e7d76}</UniqueIdentifier>
    </Filter>
    <Filter Include="Enemy AI">
      <UniqueIdentifier>{145105a5-4e17-426a-9220-c5175d676b86}</UniqueIdentifier>
    </Filter>
    <Filter Include="WeaponInfo">
      <UniqueIdentifier>{1cb0ec8e-e627-4325-91ba-66ebc74bddea}</UniqueIdentifier>
    </Filter>
  </ItemGroup>
  <ItemGroup>
    <ClCompile Include="Source\Application.cpp">
      <Filter>Source Files</Filter>
    </ClCompile>
    <ClCompile Include="Source\PlayerInfo\PlayerInfo.cpp">
      <Filter>PlayerInfo</Filter>
    </ClCompile>
    <ClCompile Include="Source\SkyBox\SkyBoxEntity.cpp">
      <Filter>SkyBox</Filter>
    </ClCompile>
    <ClCompile Include="Source\FPSCamera.cpp">
      <Filter>Camera</Filter>
    </ClCompile>
    <ClCompile Include="Source\CollisionManager.cpp">
      <Filter>Manager</Filter>
    </ClCompile>
    <ClCompile Include="Source\EntityManager.cpp">
      <Filter>Manager</Filter>
    </ClCompile>
    <ClCompile Include="Source\SceneText.cpp">
      <Filter>Scene</Filter>
    </ClCompile>
    <ClCompile Include="Source\GenericEntity.cpp">
      <Filter>Entity</Filter>
    </ClCompile>
    <ClCompile Include="Source\GroundEntity.cpp">
      <Filter>Entity</Filter>
    </ClCompile>
    <ClCompile Include="Source\HardwareAbstraction\Controller.cpp">
      <Filter>Controller</Filter>
    </ClCompile>
    <ClCompile Include="Source\HardwareAbstraction\Keyboard.cpp">
      <Filter>Controller</Filter>
    </ClCompile>
    <ClCompile Include="Source\HardwareAbstraction\Mouse.cpp">
      <Filter>Controller</Filter>
    </ClCompile>
    <ClCompile Include="Source\main.cpp">
      <Filter>Source Files</Filter>
    </ClCompile>
    <ClCompile Include="Source\OBJMesh.cpp">
      <Filter>Graphic</Filter>
    </ClCompile>
    <ClCompile Include="Source\Light.cpp">
      <Filter>Graphic</Filter>
    </ClCompile>
    <ClCompile Include="Source\SpriteEntity.cpp">
      <Filter>Graphic</Filter>
    </ClCompile>
    <ClCompile Include="Source\TextEntity.cpp">
      <Filter>Graphic</Filter>
    </ClCompile>
    <ClCompile Include="Source\TopDownCamera.cpp">
      <Filter>Camera</Filter>
    </ClCompile>
    <ClCompile Include="Source\BuildingManager.cpp">
      <Filter>Manager</Filter>
    </ClCompile>
    <ClCompile Include="Source\BuildingEntity.cpp">
      <Filter>Entity</Filter>
    </ClCompile>
    <ClCompile Include="Source\Sound_Engine.cpp">
      <Filter>Sound Engine</Filter>
    </ClCompile>
    <ClCompile Include="Source\SceneMainMenu.cpp">
      <Filter>Scene</Filter>
    </ClCompile>
    <ClCompile Include="Source\EquipmentEntity.cpp">
      <Filter>Entity</Filter>
    </ClCompile>
    <ClCompile Include="Source\LoadTextData.cpp">
      <Filter>Text</Filter>
    </ClCompile>
    <ClCompile Include="Source\BuildingTile.cpp">
      <Filter>Entity</Filter>
    </ClCompile>
    <ClCompile Include="Source\Minimap.cpp">
      <Filter>Minimap</Filter>
    </ClCompile>
    <ClCompile Include="Source\EnemyEntity.cpp">
      <Filter>Entity</Filter>
    </ClCompile>
    <ClCompile Include="Source\EnemyCuck.cpp">
      <Filter>Enemy</Filter>
    </ClCompile>
    <ClCompile Include="Source\EnemyManager.cpp">
      <Filter>Manager</Filter>
    </ClCompile>
    <ClCompile Include="Source\StateMachine.cpp">
      <Filter>Enemy AI</Filter>
    </ClCompile>
    <ClCompile Include="Source\EnemyAI.cpp">
      <Filter>Enemy AI</Filter>
    </ClCompile>
    <ClCompile Include="Source\WeaponInfo\Weapon.cpp">
      <Filter>WeaponInfo</Filter>
    </ClCompile>
    <ClCompile Include="Source\WeaponInfo\WeaponInfo.cpp">
      <Filter>WeaponInfo</Filter>
    </ClCompile>
    <ClCompile Include="Source\Projectile\Projectile.cpp">
      <Filter>WeaponInfo</Filter>
    </ClCompile>
    <ClCompile Include="Source\SceneInstructions.cpp">
      <Filter>Scene</Filter>
    </ClCompile>
    <ClCompile Include="Source\ScenePause.cpp">
      <Filter>Scene</Filter>
    </ClCompile>
    <ClCompile Include="Source\EnemyRuck.cpp">
      <Filter>Enemy</Filter>
    </ClCompile>
  </ItemGroup>
  <ItemGroup>
    <ClInclude Include="Source\Application.h">
      <Filter>Header Files</Filter>
    </ClInclude>
    <ClInclude Include="Source\PlayerInfo\PlayerInfo.h">
      <Filter>PlayerInfo</Filter>
    </ClInclude>
    <ClInclude Include="Source\SkyBox\SkyBoxEntity.h">
      <Filter>SkyBox</Filter>
    </ClInclude>
    <ClInclude Include="Source\FPSCamera.h">
      <Filter>Camera</Filter>
    </ClInclude>
    <ClInclude Include="Source\CollisionManager.h">
      <Filter>Manager</Filter>
    </ClInclude>
    <ClInclude Include="Source\EntityManager.h">
      <Filter>Manager</Filter>
    </ClInclude>
    <ClInclude Include="Source\SceneText.h">
      <Filter>Scene</Filter>
    </ClInclude>
    <ClInclude Include="Source\GenericEntity.h">
      <Filter>Entity</Filter>
    </ClInclude>
    <ClInclude Include="Source\GroundEntity.h">
      <Filter>Entity</Filter>
    </ClInclude>
    <ClInclude Include="Source\HardwareAbstraction\Controller.h">
      <Filter>Controller</Filter>
    </ClInclude>
    <ClInclude Include="Source\HardwareAbstraction\Keyboard.h">
      <Filter>Controller</Filter>
    </ClInclude>
    <ClInclude Include="Source\HardwareAbstraction\Mouse.h">
      <Filter>Controller</Filter>
    </ClInclude>
    <ClInclude Include="Source\Light.h">
      <Filter>Graphic</Filter>
    </ClInclude>
    <ClInclude Include="Source\OBJMesh.h">
      <Filter>Graphic</Filter>
    </ClInclude>
    <ClInclude Include="Source\SpriteEntity.h">
      <Filter>Graphic</Filter>
    </ClInclude>
    <ClInclude Include="Source\TextEntity.h">
      <Filter>Graphic</Filter>
    </ClInclude>
    <ClInclude Include="Source\TopDownCamera.h">
      <Filter>Camera</Filter>
    </ClInclude>
    <ClInclude Include="Source\BuildingManager.h">
      <Filter>Manager</Filter>
    </ClInclude>
    <ClInclude Include="Source\BuildingEntity.h">
      <Filter>Entity</Filter>
    </ClInclude>
    <ClInclude Include="Source\Sound_Engine.h">
      <Filter>Sound Engine</Filter>
    </ClInclude>
    <ClInclude Include="Source\SceneMainMenu.h">
      <Filter>Scene</Filter>
    </ClInclude>
    <ClInclude Include="Source\EquipmentEntity.h">
      <Filter>Entity</Filter>
    </ClInclude>
    <ClInclude Include="Source\FontType.h">
      <Filter>Text</Filter>
    </ClInclude>
    <ClInclude Include="Source\LoadTextData.h">
      <Filter>Text</Filter>
    </ClInclude>
    <ClInclude Include="Source\BuildingTile.h">
      <Filter>Entity</Filter>
    </ClInclude>
    <ClInclude Include="Source\Minimap.h">
      <Filter>Minimap</Filter>
    </ClInclude>
    <ClInclude Include="Source\StateMachine.h">
      <Filter>Enemy AI</Filter>
    </ClInclude>
    <ClInclude Include="Source\EnemyEntity.h">
      <Filter>Entity</Filter>
    </ClInclude>
    <ClInclude Include="Source\EnemyAI.h">
      <Filter>Enemy AI</Filter>
    </ClInclude>
    <ClInclude Include="Source\EnemyCuck.h">
      <Filter>Enemy</Filter>
    </ClInclude>
    <ClInclude Include="Source\EnemyManager.h">
      <Filter>Manager</Filter>
    </ClInclude>
    <ClInclude Include="Source\WeaponInfo\Weapon.h">
      <Filter>WeaponInfo</Filter>
    </ClInclude>
    <ClInclude Include="Source\WeaponInfo\WeaponInfo.h">
      <Filter>WeaponInfo</Filter>
    </ClInclude>
    <ClInclude Include="Source\Projectile\Projectile.h">
      <Filter>WeaponInfo</Filter>
    </ClInclude>
    <ClInclude Include="Source\SceneInstructions.h">
      <Filter>Scene</Filter>
    </ClInclude>
    <ClInclude Include="Source\ScenePause.h">
      <Filter>Scene</Filter>
    </ClInclude>
    <ClInclude Include="Source\EnemyRuck.h">
      <Filter>Enemy</Filter>
    </ClInclude>
  </ItemGroup>
</Project>